
Microsoft Visual Studio Solution File, Format Version 12.00
# Visual Studio Version 17
VisualStudioVersion = 17.14.36414.22
MinimumVisualStudioVersion = 10.0.40219.1
Project("{2150E333-8FDC-42A3-9474-1A3956D46DE8}") = "Task0", "Task0", "{02EA681E-C7D8-13C7-8484-4AC65E1B71E8}"
EndProject
Project("{FAE04EC0-301F-11D3-BF4B-00C04F79EFBC}") = "Tyuiu.PautovaMO.Sprint5.Task0.V8", "Tyuiu.PautovaMO.Sprint5.Task0.V8\Tyuiu.PautovaMO.Sprint5.Task0.V8.csproj", "{3C5E0A4F-0D85-4BAC-A85F-49DFFE02E01A}"
EndProject
Project("{FAE04EC0-301F-11D3-BF4B-00C04F79EFBC}") = "Tyuiu.PautovaMO.Sprint5.Task0.V8.Lib", "Tyuiu.PautovaMO.Sprint5.Task0.V8.Lib\Tyuiu.PautovaMO.Sprint5.Task0.V8.Lib.csproj", "{5DE92616-A127-40A1-9AF2-9A86E068B3F5}"
EndProject
Project("{FAE04EC0-301F-11D3-BF4B-00C04F79EFBC}") = "Tyuiu.PautovaMO.Sprint5.Task0.V8.Test", "Tyuiu.PautovaMO.Sprint5.Task0.V8.Test\Tyuiu.PautovaMO.Sprint5.Task0.V8.Test.csproj", "{20E4FBAF-23CA-4B63-A457-1F973856E85A}"
EndProject
Project("{2150E333-8FDC-42A3-9474-1A3956D46DE8}") = "Task1", "Task1", "{F109268F-2A4C-40C5-BDDA-3D6FF96C3EE5}"
EndProject
Project("{FAE04EC0-301F-11D3-BF4B-00C04F79EFBC}") = "Tyuiu.PautovaMO.Sprint5.Task1.V2", "Tyuiu.PautovaMO.Sprint5.Task1.V2\Tyuiu.PautovaMO.Sprint5.Task1.V2.csproj", "{C28ABB26-72DE-479B-97E0-43F67E8B2429}"
EndProject
Project("{FAE04EC0-301F-11D3-BF4B-00C04F79EFBC}") = "Tyuiu.PautovaMO.Sprint5.Task1.V2.Lib", "Tyuiu.PautovaMO.Sprint5.Task1.V2.Lib\Tyuiu.PautovaMO.Sprint5.Task1.V2.Lib.csproj", "{BD22044F-59DF-4461-83FE-2A1E7747E6D8}"
EndProject
Project("{FAE04EC0-301F-11D3-BF4B-00C04F79EFBC}") = "Tyuiu.PautovaMO.Sprint5.Task1.V2.Test", "Tyuiu.PautovaMO.Sprint5.Task1.V2.Test\Tyuiu.PautovaMO.Sprint5.Task1.V2.Test.csproj", "{7B274E7E-4264-459A-B173-92B0E126321A}"
EndProject
Project("{2150E333-8FDC-42A3-9474-1A3956D46DE8}") = "Task2", "Task2", "{A76CD947-D90C-4893-AB75-526D4BE683E4}"
EndProject
Project("{FAE04EC0-301F-11D3-BF4B-00C04F79EFBC}") = "Tyuiu.PautovaMO.Sprint5.Task2.V30", "Tyuiu.PautovaMO.Sprint5.Task2.V30\Tyuiu.PautovaMO.Sprint5.Task2.V30.csproj", "{B8BA18EB-91A8-4AFC-B137-6AABE48DD4EA}"
EndProject
Project("{FAE04EC0-301F-11D3-BF4B-00C04F79EFBC}") = "Tyuiu.PautovaMO.Sprint5.Task2.V30.Lib", "Tyuiu.PautovaMO.Sprint5.Task2.V30.Lib\Tyuiu.PautovaMO.Sprint5.Task2.V30.Lib.csproj", "{0901D886-D861-4544-9F33-14438B69B228}"
EndProject
Project("{FAE04EC0-301F-11D3-BF4B-00C04F79EFBC}") = "Tyuiu.PautovaMO.Sprint5.Task2.V30.Test", "Tyuiu.PautovaMO.Sprint5.Task2.V30.Test\Tyuiu.PautovaMO.Sprint5.Task2.V30.Test.csproj", "{13D184BE-D8B1-4848-BA14-055C3ACAB029}"
EndProject
Project("{2150E333-8FDC-42A3-9474-1A3956D46DE8}") = "Task3", "Task3", "{7AAA3D80-C1A8-47ED-8484-079A48047A1F}"
EndProject
Project("{FAE04EC0-301F-11D3-BF4B-00C04F79EFBC}") = "Tyuiu.PautovaMO.Sprint5.Task3.V21", "Tyuiu.PautovaMO.Sprint5.Task3.V21\Tyuiu.PautovaMO.Sprint5.Task3.V21.csproj", "{AB770382-57C7-4E01-85B1-D25AF10A77BB}"
EndProject
Project("{FAE04EC0-301F-11D3-BF4B-00C04F79EFBC}") = "Tyuiu.PautovaMO.Sprint5.Task3.V21.Lib", "Tyuiu.PautovaMO.Sprint5.Task3.V21.Lib\Tyuiu.PautovaMO.Sprint5.Task3.V21.Lib.csproj", "{FCB26634-2BB7-40A0-A071-DAA31F5F34AD}"
EndProject
Project("{FAE04EC0-301F-11D3-BF4B-00C04F79EFBC}") = "Tyuiu.PautovaMO.Sprint5.Task3.V21.Test", "Tyuiu.PautovaMO.Sprint5.Task3.V21.Test\Tyuiu.PautovaMO.Sprint5.Task3.V21.Test.csproj", "{180D0B8D-5C0F-4D84-A5DA-72EF6C19EB79}"
EndProject
Global
	GlobalSection(SolutionConfigurationPlatforms) = preSolution
		Debug|Any CPU = Debug|Any CPU
		Release|Any CPU = Release|Any CPU
	EndGlobalSection
	GlobalSection(ProjectConfigurationPlatforms) = postSolution
		{3C5E0A4F-0D85-4BAC-A85F-49DFFE02E01A}.Debug|Any CPU.ActiveCfg = Debug|Any CPU
		{3C5E0A4F-0D85-4BAC-A85F-49DFFE02E01A}.Debug|Any CPU.Build.0 = Debug|Any CPU
		{3C5E0A4F-0D85-4BAC-A85F-49DFFE02E01A}.Release|Any CPU.ActiveCfg = Release|Any CPU
		{3C5E0A4F-0D85-4BAC-A85F-49DFFE02E01A}.Release|Any CPU.Build.0 = Release|Any CPU
		{5DE92616-A127-40A1-9AF2-9A86E068B3F5}.Debug|Any CPU.ActiveCfg = Debug|Any CPU
		{5DE92616-A127-40A1-9AF2-9A86E068B3F5}.Debug|Any CPU.Build.0 = Debug|Any CPU
		{5DE92616-A127-40A1-9AF2-9A86E068B3F5}.Release|Any CPU.ActiveCfg = Release|Any CPU
		{5DE92616-A127-40A1-9AF2-9A86E068B3F5}.Release|Any CPU.Build.0 = Release|Any CPU
		{20E4FBAF-23CA-4B63-A457-1F973856E85A}.Debug|Any CPU.ActiveCfg = Debug|Any CPU
		{20E4FBAF-23CA-4B63-A457-1F973856E85A}.Debug|Any CPU.Build.0 = Debug|Any CPU
		{20E4FBAF-23CA-4B63-A457-1F973856E85A}.Release|Any CPU.ActiveCfg = Release|Any CPU
		{20E4FBAF-23CA-4B63-A457-1F973856E85A}.Release|Any CPU.Build.0 = Release|Any CPU
		{C28ABB26-72DE-479B-97E0-43F67E8B2429}.Debug|Any CPU.ActiveCfg = Debug|Any CPU
		{C28ABB26-72DE-479B-97E0-43F67E8B2429}.Debug|Any CPU.Build.0 = Debug|Any CPU
		{C28ABB26-72DE-479B-97E0-43F67E8B2429}.Release|Any CPU.ActiveCfg = Release|Any CPU
		{C28ABB26-72DE-479B-97E0-43F67E8B2429}.Release|Any CPU.Build.0 = Release|Any CPU
		{BD22044F-59DF-4461-83FE-2A1E7747E6D8}.Debug|Any CPU.ActiveCfg = Debug|Any CPU
		{BD22044F-59DF-4461-83FE-2A1E7747E6D8}.Debug|Any CPU.Build.0 = Debug|Any CPU
		{BD22044F-59DF-4461-83FE-2A1E7747E6D8}.Release|Any CPU.ActiveCfg = Release|Any CPU
		{BD22044F-59DF-4461-83FE-2A1E7747E6D8}.Release|Any CPU.Build.0 = Release|Any CPU
		{7B274E7E-4264-459A-B173-92B0E126321A}.Debug|Any CPU.ActiveCfg = Debug|Any CPU
		{7B274E7E-4264-459A-B173-92B0E126321A}.Debug|Any CPU.Build.0 = Debug|Any CPU
		{7B274E7E-4264-459A-B173-92B0E126321A}.Release|Any CPU.ActiveCfg = Release|Any CPU
		{7B274E7E-4264-459A-B173-92B0E126321A}.Release|Any CPU.Build.0 = Release|Any CPU
		{B8BA18EB-91A8-4AFC-B137-6AABE48DD4EA}.Debug|Any CPU.ActiveCfg = Debug|Any CPU
		{B8BA18EB-91A8-4AFC-B137-6AABE48DD4EA}.Debug|Any CPU.Build.0 = Debug|Any CPU
		{B8BA18EB-91A8-4AFC-B137-6AABE48DD4EA}.Release|Any CPU.ActiveCfg = Release|Any CPU
		{B8BA18EB-91A8-4AFC-B137-6AABE48DD4EA}.Release|Any CPU.Build.0 = Release|Any CPU
		{0901D886-D861-4544-9F33-14438B69B228}.Debug|Any CPU.ActiveCfg = Debug|Any CPU
		{0901D886-D861-4544-9F33-14438B69B228}.Debug|Any CPU.Build.0 = Debug|Any CPU
		{0901D886-D861-4544-9F33-14438B69B228}.Release|Any CPU.ActiveCfg = Release|Any CPU
		{0901D886-D861-4544-9F33-14438B69B228}.Release|Any CPU.Build.0 = Release|Any CPU
		{13D184BE-D8B1-4848-BA14-055C3ACAB029}.Debug|Any CPU.ActiveCfg = Debug|Any CPU
		{13D184BE-D8B1-4848-BA14-055C3ACAB029}.Debug|Any CPU.Build.0 = Debug|Any CPU
		{13D184BE-D8B1-4848-BA14-055C3ACAB029}.Release|Any CPU.ActiveCfg = Release|Any CPU
		{13D184BE-D8B1-4848-BA14-055C3ACAB029}.Release|Any CPU.Build.0 = Release|Any CPU
		{AB770382-57C7-4E01-85B1-D25AF10A77BB}.Debug|Any CPU.ActiveCfg = Debug|Any CPU
		{AB770382-57C7-4E01-85B1-D25AF10A77BB}.Debug|Any CPU.Build.0 = Debug|Any CPU
		{AB770382-57C7-4E01-85B1-D25AF10A77BB}.Release|Any CPU.ActiveCfg = Release|Any CPU
		{AB770382-57C7-4E01-85B1-D25AF10A77BB}.Release|Any CPU.Build.0 = Release|Any CPU
		{FCB26634-2BB7-40A0-A071-DAA31F5F34AD}.Debug|Any CPU.ActiveCfg = Debug|Any CPU
		{FCB26634-2BB7-40A0-A071-DAA31F5F34AD}.Debug|Any CPU.Build.0 = Debug|Any CPU
		{FCB26634-2BB7-40A0-A071-DAA31F5F34AD}.Release|Any CPU.ActiveCfg = Release|Any CPU
		{FCB26634-2BB7-40A0-A071-DAA31F5F34AD}.Release|Any CPU.Build.0 = Release|Any CPU
		{180D0B8D-5C0F-4D84-A5DA-72EF6C19EB79}.Debug|Any CPU.ActiveCfg = Debug|Any CPU
		{180D0B8D-5C0F-4D84-A5DA-72EF6C19EB79}.Debug|Any CPU.Build.0 = Debug|Any CPU
		{180D0B8D-5C0F-4D84-A5DA-72EF6C19EB79}.Release|Any CPU.ActiveCfg = Release|Any CPU
		{180D0B8D-5C0F-4D84-A5DA-72EF6C19EB79}.Release|Any CPU.Build.0 = Release|Any CPU
	EndGlobalSection
	GlobalSection(SolutionProperties) = preSolution
		HideSolutionNode = FALSE
	EndGlobalSection
	GlobalSection(NestedProjects) = preSolution
		{3C5E0A4F-0D85-4BAC-A85F-49DFFE02E01A} = {02EA681E-C7D8-13C7-8484-4AC65E1B71E8}
		{5DE92616-A127-40A1-9AF2-9A86E068B3F5} = {02EA681E-C7D8-13C7-8484-4AC65E1B71E8}
		{20E4FBAF-23CA-4B63-A457-1F973856E85A} = {02EA681E-C7D8-13C7-8484-4AC65E1B71E8}
		{C28ABB26-72DE-479B-97E0-43F67E8B2429} = {F109268F-2A4C-40C5-BDDA-3D6FF96C3EE5}
		{BD22044F-59DF-4461-83FE-2A1E7747E6D8} = {F109268F-2A4C-40C5-BDDA-3D6FF96C3EE5}
		{7B274E7E-4264-459A-B173-92B0E126321A} = {F109268F-2A4C-40C5-BDDA-3D6FF96C3EE5}
		{B8BA18EB-91A8-4AFC-B137-6AABE48DD4EA} = {A76CD947-D90C-4893-AB75-526D4BE683E4}
		{0901D886-D861-4544-9F33-14438B69B228} = {A76CD947-D90C-4893-AB75-526D4BE683E4}
		{13D184BE-D8B1-4848-BA14-055C3ACAB029} = {A76CD947-D90C-4893-AB75-526D4BE683E4}
		{AB770382-57C7-4E01-85B1-D25AF10A77BB} = {7AAA3D80-C1A8-47ED-8484-079A48047A1F}
		{FCB26634-2BB7-40A0-A071-DAA31F5F34AD} = {7AAA3D80-C1A8-47ED-8484-079A48047A1F}
		{180D0B8D-5C0F-4D84-A5DA-72EF6C19EB79} = {7AAA3D80-C1A8-47ED-8484-079A48047A1F}
	EndGlobalSection
	GlobalSection(ExtensibilityGlobals) = postSolution
		SolutionGuid = {787BD368-C846-47A7-9F22-C4BCBE3A3A07}
	EndGlobalSection
EndGlobal
