
Microsoft Visual Studio Solution File, Format Version 12.00
# Visual Studio Version 17
VisualStudioVersion = 17.14.36414.22
MinimumVisualStudioVersion = 10.0.40219.1
Project("{2150E333-8FDC-42A3-9474-1A3956D46DE8}") = "Task0", "Task0", "{02EA681E-C7D8-13C7-8484-4AC65E1B71E8}"
EndProject
Project("{FAE04EC0-301F-11D3-BF4B-00C04F79EFBC}") = "Tyuiu.PautovaMO.Sprint5.Task0.V8", "Tyuiu.PautovaMO.Sprint5.Task0.V8\Tyuiu.PautovaMO.Sprint5.Task0.V8.csproj", "{3C5E0A4F-0D85-4BAC-A85F-49DFFE02E01A}"
EndProject
Project("{FAE04EC0-301F-11D3-BF4B-00C04F79EFBC}") = "Tyuiu.PautovaMO.Sprint5.Task0.V8.Lib", "Tyuiu.PautovaMO.Sprint5.Task0.V8.Lib\Tyuiu.PautovaMO.Sprint5.Task0.V8.Lib.csproj", "{5DE92616-A127-40A1-9AF2-9A86E068B3F5}"
EndProject
Project("{FAE04EC0-301F-11D3-BF4B-00C04F79EFBC}") = "Tyuiu.PautovaMO.Sprint5.Task0.V8.Test", "Tyuiu.PautovaMO.Sprint5.Task0.V8.Test\Tyuiu.PautovaMO.Sprint5.Task0.V8.Test.csproj", "{20E4FBAF-23CA-4B63-A457-1F973856E85A}"
EndProject
Project("{2150E333-8FDC-42A3-9474-1A3956D46DE8}") = "Task1", "Task1", "{F109268F-2A4C-40C5-BDDA-3D6FF96C3EE5}"
EndProject
Project("{FAE04EC0-301F-11D3-BF4B-00C04F79EFBC}") = "Tyuiu.PautovaMO.Sprint5.Task1.V2", "Tyuiu.PautovaMO.Sprint5.Task1.V2\Tyuiu.PautovaMO.Sprint5.Task1.V2.csproj", "{C28ABB26-72DE-479B-97E0-43F67E8B2429}"
EndProject
Project("{FAE04EC0-301F-11D3-BF4B-00C04F79EFBC}") = "Tyuiu.PautovaMO.Sprint5.Task1.V2.Lib", "Tyuiu.PautovaMO.Sprint5.Task1.V2.Lib\Tyuiu.PautovaMO.Sprint5.Task1.V2.Lib.csproj", "{BD22044F-59DF-4461-83FE-2A1E7747E6D8}"
EndProject
Project("{FAE04EC0-301F-11D3-BF4B-00C04F79EFBC}") = "Tyuiu.PautovaMO.Sprint5.Task1.V2.Test", "Tyuiu.PautovaMO.Sprint5.Task1.V2.Test\Tyuiu.PautovaMO.Sprint5.Task1.V2.Test.csproj", "{7B274E7E-4264-459A-B173-92B0E126321A}"
EndProject
Global
	GlobalSection(SolutionConfigurationPlatforms) = preSolution
		Debug|Any CPU = Debug|Any CPU
		Release|Any CPU = Release|Any CPU
	EndGlobalSection
	GlobalSection(ProjectConfigurationPlatforms) = postSolution
		{3C5E0A4F-0D85-4BAC-A85F-49DFFE02E01A}.Debug|Any CPU.ActiveCfg = Debug|Any CPU
		{3C5E0A4F-0D85-4BAC-A85F-49DFFE02E01A}.Debug|Any CPU.Build.0 = Debug|Any CPU
		{3C5E0A4F-0D85-4BAC-A85F-49DFFE02E01A}.Release|Any CPU.ActiveCfg = Release|Any CPU
		{3C5E0A4F-0D85-4BAC-A85F-49DFFE02E01A}.Release|Any CPU.Build.0 = Release|Any CPU
		{5DE92616-A127-40A1-9AF2-9A86E068B3F5}.Debug|Any CPU.ActiveCfg = Debug|Any CPU
		{5DE92616-A127-40A1-9AF2-9A86E068B3F5}.Debug|Any CPU.Build.0 = Debug|Any CPU
		{5DE92616-A127-40A1-9AF2-9A86E068B3F5}.Release|Any CPU.ActiveCfg = Release|Any CPU
		{5DE92616-A127-40A1-9AF2-9A86E068B3F5}.Release|Any CPU.Build.0 = Release|Any CPU
		{20E4FBAF-23CA-4B63-A457-1F973856E85A}.Debug|Any CPU.ActiveCfg = Debug|Any CPU
		{20E4FBAF-23CA-4B63-A457-1F973856E85A}.Debug|Any CPU.Build.0 = Debug|Any CPU
		{20E4FBAF-23CA-4B63-A457-1F973856E85A}.Release|Any CPU.ActiveCfg = Release|Any CPU
		{20E4FBAF-23CA-4B63-A457-1F973856E85A}.Release|Any CPU.Build.0 = Release|Any CPU
		{C28ABB26-72DE-479B-97E0-43F67E8B2429}.Debug|Any CPU.ActiveCfg = Debug|Any CPU
		{C28ABB26-72DE-479B-97E0-43F67E8B2429}.Debug|Any CPU.Build.0 = Debug|Any CPU
		{C28ABB26-72DE-479B-97E0-43F67E8B2429}.Release|Any CPU.ActiveCfg = Release|Any CPU
		{C28ABB26-72DE-479B-97E0-43F67E8B2429}.Release|Any CPU.Build.0 = Release|Any CPU
		{BD22044F-59DF-4461-83FE-2A1E7747E6D8}.Debug|Any CPU.ActiveCfg = Debug|Any CPU
		{BD22044F-59DF-4461-83FE-2A1E7747E6D8}.Debug|Any CPU.Build.0 = Debug|Any CPU
		{BD22044F-59DF-4461-83FE-2A1E7747E6D8}.Release|Any CPU.ActiveCfg = Release|Any CPU
		{BD22044F-59DF-4461-83FE-2A1E7747E6D8}.Release|Any CPU.Build.0 = Release|Any CPU
		{7B274E7E-4264-459A-B173-92B0E126321A}.Debug|Any CPU.ActiveCfg = Debug|Any CPU
		{7B274E7E-4264-459A-B173-92B0E126321A}.Debug|Any CPU.Build.0 = Debug|Any CPU
		{7B274E7E-4264-459A-B173-92B0E126321A}.Release|Any CPU.ActiveCfg = Release|Any CPU
		{7B274E7E-4264-459A-B173-92B0E126321A}.Release|Any CPU.Build.0 = Release|Any CPU
	EndGlobalSection
	GlobalSection(SolutionProperties) = preSolution
		HideSolutionNode = FALSE
	EndGlobalSection
	GlobalSection(NestedProjects) = preSolution
		{3C5E0A4F-0D85-4BAC-A85F-49DFFE02E01A} = {02EA681E-C7D8-13C7-8484-4AC65E1B71E8}
		{5DE92616-A127-40A1-9AF2-9A86E068B3F5} = {02EA681E-C7D8-13C7-8484-4AC65E1B71E8}
		{20E4FBAF-23CA-4B63-A457-1F973856E85A} = {02EA681E-C7D8-13C7-8484-4AC65E1B71E8}
		{C28ABB26-72DE-479B-97E0-43F67E8B2429} = {F109268F-2A4C-40C5-BDDA-3D6FF96C3EE5}
		{BD22044F-59DF-4461-83FE-2A1E7747E6D8} = {F109268F-2A4C-40C5-BDDA-3D6FF96C3EE5}
		{7B274E7E-4264-459A-B173-92B0E126321A} = {F109268F-2A4C-40C5-BDDA-3D6FF96C3EE5}
	EndGlobalSection
	GlobalSection(ExtensibilityGlobals) = postSolution
		SolutionGuid = {787BD368-C846-47A7-9F22-C4BCBE3A3A07}
	EndGlobalSection
EndGlobal
